# This file was autogenerated by Stack.
# You should not edit this file by hand.
# For more information, please see the documentation at:
#   https://docs.haskellstack.org/en/stable/lock_files

packages:
- completed:
    hackage: unordered-containers-0.2.12.0@sha256:164a47850c4536c8b7cc12f74578588cf3b6c331f04e671306d2dcb806284bb1,4978
    pantry-tree:
      size: 1388
      sha256: 6c5fc0b867c11681dbadeb9cbcae10864abe3c5a4799410016c90871d3406c6e
  original:
    hackage: unordered-containers-0.2.12.0
snapshots:
- completed:
    size: 563099
    url: https://raw.githubusercontent.com/commercialhaskell/stackage-snapshots/master/lts/17/2.yaml
    sha256: 92b1a17e31d0a978fca4bf270305d4d1dd8092271bf60eafbc9349c890854026
  original:
    url: https://raw.githubusercontent.com/commercialhaskell/stackage-snapshots/master/lts/17/2.yaml
